
Microsoft Visual Studio Solution File, Format Version 12.00
# Visual Studio Version 16
VisualStudioVersion = 16.0.32106.194
MinimumVisualStudioVersion = 10.0.40219.1
Project("{FAE04EC0-301F-11D3-BF4B-00C04F79EFBC}") = "Bire Cok Iliski", "Bire Cok Iliski\Bire Cok Iliski.csproj", "{4590D0AC-EBA0-435C-A5B7-A1A2AE8CB9BA}"
EndProject
Global
	GlobalSection(SolutionConfigurationPlatforms) = preSolution
		Debug|Any CPU = Debug|Any CPU
		Release|Any CPU = Release|Any CPU
	EndGlobalSection
	GlobalSection(ProjectConfigurationPlatforms) = postSolution
		{4590D0AC-EBA0-435C-A5B7-A1A2AE8CB9BA}.Debug|Any CPU.ActiveCfg = Debug|Any CPU
		{4590D0AC-EBA0-435C-A5B7-A1A2AE8CB9BA}.Debug|Any CPU.Build.0 = Debug|Any CPU
		{4590D0AC-EBA0-435C-A5B7-A1A2AE8CB9BA}.Release|Any CPU.ActiveCfg = Release|Any CPU
		{4590D0AC-EBA0-435C-A5B7-A1A2AE8CB9BA}.Release|Any CPU.Build.0 = Release|Any CPU
	EndGlobalSection
	GlobalSection(SolutionProperties) = preSolution
		HideSolutionNode = FALSE
	EndGlobalSection
	GlobalSection(ExtensibilityGlobals) = postSolution
		SolutionGuid = {61968B98-5F58-442F-8DAF-E75EF7536B7F}
	EndGlobalSection
EndGlobal
